// !$*UTF8*$!
{
	archiveVersion = 1;
	classes = {
	};
	objectVersion = 46;
	objects = {

/* Begin PBXBuildFile section */
		1421666D1A5043F20043B7BF /* page3_listItem_bg.png in Resources */ = {isa = PBXBuildFile; fileRef = 142166691A5043F20043B7BF /* page3_listItem_bg.png */; };
		1421666E1A5043F20043B7BF /* page3_subway_icon2_big.png in Resources */ = {isa = PBXBuildFile; fileRef = 1421666A1A5043F20043B7BF /* page3_subway_icon2_big.png */; };
		1421666F1A5043F20043B7BF /* page3_subway_icon2_small.png in Resources */ = {isa = PBXBuildFile; fileRef = 1421666B1A5043F20043B7BF /* page3_subway_icon2_small.png */; };
		142166701A5043F20043B7BF /* page3_top_title.png in Resources */ = {isa = PBXBuildFile; fileRef = 1421666C1A5043F20043B7BF /* page3_top_title.png */; };
		4937450A1A4803BB0082E968 /* UIColor+COLORCategories.m in Sources */ = {isa = PBXBuildFile; fileRef = 493745071A4803BB0082E968 /* UIColor+COLORCategories.m */; };
		4937450B1A4803BB0082E968 /* UIImage+IMAGECategories.m in Sources */ = {isa = PBXBuildFile; fileRef = 493745091A4803BB0082E968 /* UIImage+IMAGECategories.m */; };
		4937450E1A4807A70082E968 /* ResultViewController.m in Sources */ = {isa = PBXBuildFile; fileRef = 4937450D1A4807A70082E968 /* ResultViewController.m */; };
		493745101A4808560082E968 /* ResultTableViewCell.xib in Resources */ = {isa = PBXBuildFile; fileRef = 4937450F1A4808560082E968 /* ResultTableViewCell.xib */; };
		493745131A4810AD0082E968 /* ResultTableViewCell.m in Sources */ = {isa = PBXBuildFile; fileRef = 493745121A4810AD0082E968 /* ResultTableViewCell.m */; };
		494EB4211A47FF7F00535999 /* Main.storyboard in Resources */ = {isa = PBXBuildFile; fileRef = F5C34C3819CD3CB0004E00E9 /* Main.storyboard */; };
		494EB4221A47FF8E00535999 /* LaunchScreen.xib in Resources */ = {isa = PBXBuildFile; fileRef = F5C34C3D19CD3CB0004E00E9 /* LaunchScreen.xib */; };
		495B5AFF1A4EFD65007FC981 /* page2_bottom_btn1_click.png in Resources */ = {isa = PBXBuildFile; fileRef = 495B5AF11A4EFD65007FC981 /* page2_bottom_btn1_click.png */; };
		495B5B001A4EFD65007FC981 /* page2_bottom_btn1.png in Resources */ = {isa = PBXBuildFile; fileRef = 495B5AF21A4EFD65007FC981 /* page2_bottom_btn1.png */; };
		495B5B011A4EFD65007FC981 /* page2_bottom_btn2_click.png in Resources */ = {isa = PBXBuildFile; fileRef = 495B5AF31A4EFD65007FC981 /* page2_bottom_btn2_click.png */; };
		495B5B021A4EFD65007FC981 /* page2_bottom_btn2.png in Resources */ = {isa = PBXBuildFile; fileRef = 495B5AF41A4EFD65007FC981 /* page2_bottom_btn2.png */; };
		495B5B031A4EFD65007FC981 /* page2_bottom_btn3_click.png in Resources */ = {isa = PBXBuildFile; fileRef = 495B5AF51A4EFD65007FC981 /* page2_bottom_btn3_click.png */; };
		495B5B041A4EFD65007FC981 /* page2_bottom_btn3.png in Resources */ = {isa = PBXBuildFile; fileRef = 495B5AF61A4EFD65007FC981 /* page2_bottom_btn3.png */; };
		495B5B051A4EFD65007FC981 /* page2_bottom_btn4_click.png in Resources */ = {isa = PBXBuildFile; fileRef = 495B5AF71A4EFD65007FC981 /* page2_bottom_btn4_click.png */; };
		495B5B061A4EFD65007FC981 /* page2_bottom_btn4.png in Resources */ = {isa = PBXBuildFile; fileRef = 495B5AF81A4EFD65007FC981 /* page2_bottom_btn4.png */; };
		495B5B071A4EFD65007FC981 /* page2_bottom_title.png in Resources */ = {isa = PBXBuildFile; fileRef = 495B5AF91A4EFD65007FC981 /* page2_bottom_title.png */; };
		495B5B081A4EFD65007FC981 /* page2_icon_arrow.png in Resources */ = {isa = PBXBuildFile; fileRef = 495B5AFA1A4EFD65007FC981 /* page2_icon_arrow.png */; };
		495B5B091A4EFD65007FC981 /* page2_listItem_bg.png in Resources */ = {isa = PBXBuildFile; fileRef = 495B5AFB1A4EFD65007FC981 /* page2_listItem_bg.png */; };
		495B5B0A1A4EFD65007FC981 /* page2_listItem_sample.png in Resources */ = {isa = PBXBuildFile; fileRef = 495B5AFC1A4EFD65007FC981 /* page2_listItem_sample.png */; };
		495B5B0B1A4EFD65007FC981 /* page2_subway_icon2.png in Resources */ = {isa = PBXBuildFile; fileRef = 495B5AFD1A4EFD65007FC981 /* page2_subway_icon2.png */; };
		495B5B0C1A4EFD65007FC981 /* page2_top_title.png in Resources */ = {isa = PBXBuildFile; fileRef = 495B5AFE1A4EFD65007FC981 /* page2_top_title.png */; };
		49681B561A5055A500217987 /* seoul.utf8 in Resources */ = {isa = PBXBuildFile; fileRef = 49681B551A5055A500217987 /* seoul.utf8 */; };
		4978055A1A50378500AB8086 /* DetailTableViewCell.m in Sources */ = {isa = PBXBuildFile; fileRef = 497805561A50378500AB8086 /* DetailTableViewCell.m */; };
		4978055B1A50378500AB8086 /* DetailTableViewCell.xib in Resources */ = {isa = PBXBuildFile; fileRef = 497805571A50378500AB8086 /* DetailTableViewCell.xib */; };
		4978055C1A50378500AB8086 /* DetailViewController.m in Sources */ = {isa = PBXBuildFile; fileRef = 497805591A50378500AB8086 /* DetailViewController.m */; };
		4996AFAC1A50D920006638BE /* page1_button_deact_bg.png in Resources */ = {isa = PBXBuildFile; fileRef = 4996AFAB1A50D920006638BE /* page1_button_deact_bg.png */; };
		499BDC961A4E5F5200F0736B /* BM-JUA.otf in Resources */ = {isa = PBXBuildFile; fileRef = 499BDC951A4E5F5200F0736B /* BM-JUA.otf */; };
		499BDCA71A4E610D00F0736B /* page1_bottom_btn1_click.png in Resources */ = {isa = PBXBuildFile; fileRef = 499BDC981A4E610D00F0736B /* page1_bottom_btn1_click.png */; };
		499BDCA81A4E610D00F0736B /* page1_bottom_btn1.png in Resources */ = {isa = PBXBuildFile; fileRef = 499BDC991A4E610D00F0736B /* page1_bottom_btn1.png */; };
		499BDCA91A4E610D00F0736B /* page1_bottom_btn2_click.png in Resources */ = {isa = PBXBuildFile; fileRef = 499BDC9A1A4E610D00F0736B /* page1_bottom_btn2_click.png */; };
		499BDCAA1A4E610D00F0736B /* page1_bottom_btn2.png in Resources */ = {isa = PBXBuildFile; fileRef = 499BDC9B1A4E610D00F0736B /* page1_bottom_btn2.png */; };
		499BDCAB1A4E610D00F0736B /* page1_bottom_btn3_click.png in Resources */ = {isa = PBXBuildFile; fileRef = 499BDC9C1A4E610D00F0736B /* page1_bottom_btn3_click.png */; };
		499BDCAC1A4E610D00F0736B /* page1_bottom_btn3.png in Resources */ = {isa = PBXBuildFile; fileRef = 499BDC9D1A4E610D00F0736B /* page1_bottom_btn3.png */; };
		499BDCAD1A4E610D00F0736B /* page1_bottom_btn4_click.png in Resources */ = {isa = PBXBuildFile; fileRef = 499BDC9E1A4E610D00F0736B /* page1_bottom_btn4_click.png */; };
		499BDCAE1A4E610D00F0736B /* page1_bottom_btn4.png in Resources */ = {isa = PBXBuildFile; fileRef = 499BDC9F1A4E610D00F0736B /* page1_bottom_btn4.png */; };
		499BDCAF1A4E610D00F0736B /* page1_bottom_title.png in Resources */ = {isa = PBXBuildFile; fileRef = 499BDCA01A4E610D00F0736B /* page1_bottom_title.png */; };
		499BDCB51A4E610D00F0736B /* page1_top_title.png in Resources */ = {isa = PBXBuildFile; fileRef = 499BDCA61A4E610D00F0736B /* page1_top_title.png */; };
		499BDCBB1A4E879E00F0736B /* page1_button_bg.png in Resources */ = {isa = PBXBuildFile; fileRef = 499BDCB61A4E879E00F0736B /* page1_button_bg.png */; };
		499BDCBC1A4E879E00F0736B /* page1_button_left_click.png in Resources */ = {isa = PBXBuildFile; fileRef = 499BDCB71A4E879E00F0736B /* page1_button_left_click.png */; };
		499BDCBD1A4E879E00F0736B /* page1_button_left.png in Resources */ = {isa = PBXBuildFile; fileRef = 499BDCB81A4E879E00F0736B /* page1_button_left.png */; };
		499BDCBE1A4E879E00F0736B /* page1_button_right_click.png in Resources */ = {isa = PBXBuildFile; fileRef = 499BDCB91A4E879E00F0736B /* page1_button_right_click.png */; };
		499BDCBF1A4E879E00F0736B /* page1_button_right.png in Resources */ = {isa = PBXBuildFile; fileRef = 499BDCBA1A4E879E00F0736B /* page1_button_right.png */; };
		49B2D4671A47FF6000ACF23F /* subway_corrd.csv in Resources */ = {isa = PBXBuildFile; fileRef = 49B2D4481A47FECF00ACF23F /* subway_corrd.csv */; };
		49B2D4681A47FF6000ACF23F /* Subway.png in Resources */ = {isa = PBXBuildFile; fileRef = 49B2D4491A47FECF00ACF23F /* Subway.png */; };
		49CAFC661A4962D700FCB3FD /* image1.jpeg in Resources */ = {isa = PBXBuildFile; fileRef = 49CAFC651A4962D700FCB3FD /* image1.jpeg */; };
		F5C34C3119CD3CB0004E00E9 /* main.m in Sources */ = {isa = PBXBuildFile; fileRef = F5C34C3019CD3CB0004E00E9 /* main.m */; };
		F5C34C3419CD3CB0004E00E9 /* AppDelegate.m in Sources */ = {isa = PBXBuildFile; fileRef = F5C34C3319CD3CB0004E00E9 /* AppDelegate.m */; };
		F5C34C3719CD3CB0004E00E9 /* MainViewController.m in Sources */ = {isa = PBXBuildFile; fileRef = F5C34C3619CD3CB0004E00E9 /* MainViewController.m */; };
		F5C34C4B19CD3CB0004E00E9 /* RightNowTests.m in Sources */ = {isa = PBXBuildFile; fileRef = F5C34C4A19CD3CB0004E00E9 /* RightNowTests.m */; };
/* End PBXBuildFile section */

/* Begin PBXContainerItemProxy section */
		F5C34C4519CD3CB0004E00E9 /* PBXContainerItemProxy */ = {
			isa = PBXContainerItemProxy;
			containerPortal = F5C34C2319CD3CB0004E00E9 /* Project object */;
			proxyType = 1;
			remoteGlobalIDString = F5C34C2A19CD3CB0004E00E9;
			remoteInfo = RightNow;
		};
/* End PBXContainerItemProxy section */

/* Begin PBXFileReference section */
		142166691A5043F20043B7BF /* page3_listItem_bg.png */ = {isa = PBXFileReference; lastKnownFileType = image.png; name = page3_listItem_bg.png; path = Resource/page3/page3_listItem_bg.png; sourceTree = "<group>"; };
		1421666A1A5043F20043B7BF /* page3_subway_icon2_big.png */ = {isa = PBXFileReference; lastKnownFileType = image.png; name = page3_subway_icon2_big.png; path = Resource/page3/page3_subway_icon2_big.png; sourceTree = "<group>"; };
		1421666B1A5043F20043B7BF /* page3_subway_icon2_small.png */ = {isa = PBXFileReference; lastKnownFileType = image.png; name = page3_subway_icon2_small.png; path = Resource/page3/page3_subway_icon2_small.png; sourceTree = "<group>"; };
		1421666C1A5043F20043B7BF /* page3_top_title.png */ = {isa = PBXFileReference; lastKnownFileType = image.png; name = page3_top_title.png; path = Resource/page3/page3_top_title.png; sourceTree = "<group>"; };
		493745061A4803BB0082E968 /* UIColor+COLORCategories.h */ = {isa = PBXFileReference; fileEncoding = 4; lastKnownFileType = sourcecode.c.h; path = "UIColor+COLORCategories.h"; sourceTree = "<group>"; };
		493745071A4803BB0082E968 /* UIColor+COLORCategories.m */ = {isa = PBXFileReference; fileEncoding = 4; lastKnownFileType = sourcecode.c.objc; path = "UIColor+COLORCategories.m"; sourceTree = "<group>"; };
		493745081A4803BB0082E968 /* UIImage+IMAGECategories.h */ = {isa = PBXFileReference; fileEncoding = 4; lastKnownFileType = sourcecode.c.h; path = "UIImage+IMAGECategories.h"; sourceTree = "<group>"; };
		493745091A4803BB0082E968 /* UIImage+IMAGECategories.m */ = {isa = PBXFileReference; fileEncoding = 4; lastKnownFileType = sourcecode.c.objc; path = "UIImage+IMAGECategories.m"; sourceTree = "<group>"; };
		4937450C1A4807A70082E968 /* ResultViewController.h */ = {isa = PBXFileReference; fileEncoding = 4; lastKnownFileType = sourcecode.c.h; path = ResultViewController.h; sourceTree = "<group>"; };
		4937450D1A4807A70082E968 /* ResultViewController.m */ = {isa = PBXFileReference; fileEncoding = 4; lastKnownFileType = sourcecode.c.objc; path = ResultViewController.m; sourceTree = "<group>"; };
		4937450F1A4808560082E968 /* ResultTableViewCell.xib */ = {isa = PBXFileReference; fileEncoding = 4; lastKnownFileType = file.xib; path = ResultTableViewCell.xib; sourceTree = "<group>"; };
		493745111A4810AD0082E968 /* ResultTableViewCell.h */ = {isa = PBXFileReference; fileEncoding = 4; lastKnownFileType = sourcecode.c.h; path = ResultTableViewCell.h; sourceTree = "<group>"; };
		493745121A4810AD0082E968 /* ResultTableViewCell.m */ = {isa = PBXFileReference; fileEncoding = 4; lastKnownFileType = sourcecode.c.objc; path = ResultTableViewCell.m; sourceTree = "<group>"; };
		495B5AF11A4EFD65007FC981 /* page2_bottom_btn1_click.png */ = {isa = PBXFileReference; lastKnownFileType = image.png; name = page2_bottom_btn1_click.png; path = Resource/page2/page2_bottom_btn1_click.png; sourceTree = "<group>"; };
		495B5AF21A4EFD65007FC981 /* page2_bottom_btn1.png */ = {isa = PBXFileReference; lastKnownFileType = image.png; name = page2_bottom_btn1.png; path = Resource/page2/page2_bottom_btn1.png; sourceTree = "<group>"; };
		495B5AF31A4EFD65007FC981 /* page2_bottom_btn2_click.png */ = {isa = PBXFileReference; lastKnownFileType = image.png; name = page2_bottom_btn2_click.png; path = Resource/page2/page2_bottom_btn2_click.png; sourceTree = "<group>"; };
		495B5AF41A4EFD65007FC981 /* page2_bottom_btn2.png */ = {isa = PBXFileReference; lastKnownFileType = image.png; name = page2_bottom_btn2.png; path = Resource/page2/page2_bottom_btn2.png; sourceTree = "<group>"; };
		495B5AF51A4EFD65007FC981 /* page2_bottom_btn3_click.png */ = {isa = PBXFileReference; lastKnownFileType = image.png; name = page2_bottom_btn3_click.png; path = Resource/page2/page2_bottom_btn3_click.png; sourceTree = "<group>"; };
		495B5AF61A4EFD65007FC981 /* page2_bottom_btn3.png */ = {isa = PBXFileReference; lastKnownFileType = image.png; name = page2_bottom_btn3.png; path = Resource/page2/page2_bottom_btn3.png; sourceTree = "<group>"; };
		495B5AF71A4EFD65007FC981 /* page2_bottom_btn4_click.png */ = {isa = PBXFileReference; lastKnownFileType = image.png; name = page2_bottom_btn4_click.png; path = Resource/page2/page2_bottom_btn4_click.png; sourceTree = "<group>"; };
		495B5AF81A4EFD65007FC981 /* page2_bottom_btn4.png */ = {isa = PBXFileReference; lastKnownFileType = image.png; name = page2_bottom_btn4.png; path = Resource/page2/page2_bottom_btn4.png; sourceTree = "<group>"; };
		495B5AF91A4EFD65007FC981 /* page2_bottom_title.png */ = {isa = PBXFileReference; lastKnownFileType = image.png; name = page2_bottom_title.png; path = Resource/page2/page2_bottom_title.png; sourceTree = "<group>"; };
		495B5AFA1A4EFD65007FC981 /* page2_icon_arrow.png */ = {isa = PBXFileReference; lastKnownFileType = image.png; name = page2_icon_arrow.png; path = Resource/page2/page2_icon_arrow.png; sourceTree = "<group>"; };
		495B5AFB1A4EFD65007FC981 /* page2_listItem_bg.png */ = {isa = PBXFileReference; lastKnownFileType = image.png; name = page2_listItem_bg.png; path = Resource/page2/page2_listItem_bg.png; sourceTree = "<group>"; };
		495B5AFC1A4EFD65007FC981 /* page2_listItem_sample.png */ = {isa = PBXFileReference; lastKnownFileType = image.png; name = page2_listItem_sample.png; path = Resource/page2/page2_listItem_sample.png; sourceTree = "<group>"; };
		495B5AFD1A4EFD65007FC981 /* page2_subway_icon2.png */ = {isa = PBXFileReference; lastKnownFileType = image.png; name = page2_subway_icon2.png; path = Resource/page2/page2_subway_icon2.png; sourceTree = "<group>"; };
		495B5AFE1A4EFD65007FC981 /* page2_top_title.png */ = {isa = PBXFileReference; lastKnownFileType = image.png; name = page2_top_title.png; path = Resource/page2/page2_top_title.png; sourceTree = "<group>"; };
		49681B551A5055A500217987 /* seoul.utf8 */ = {isa = PBXFileReference; fileEncoding = 4; lastKnownFileType = text; name = seoul.utf8; path = Resource/seoul.utf8; sourceTree = "<group>"; };
		497805551A50378500AB8086 /* DetailTableViewCell.h */ = {isa = PBXFileReference; fileEncoding = 4; lastKnownFileType = sourcecode.c.h; path = DetailTableViewCell.h; sourceTree = "<group>"; };
		497805561A50378500AB8086 /* DetailTableViewCell.m */ = {isa = PBXFileReference; fileEncoding = 4; lastKnownFileType = sourcecode.c.objc; path = DetailTableViewCell.m; sourceTree = "<group>"; };
		497805571A50378500AB8086 /* DetailTableViewCell.xib */ = {isa = PBXFileReference; fileEncoding = 4; lastKnownFileType = file.xib; path = DetailTableViewCell.xib; sourceTree = "<group>"; };
		497805581A50378500AB8086 /* DetailViewController.h */ = {isa = PBXFileReference; fileEncoding = 4; lastKnownFileType = sourcecode.c.h; path = DetailViewController.h; sourceTree = "<group>"; };
		497805591A50378500AB8086 /* DetailViewController.m */ = {isa = PBXFileReference; fileEncoding = 4; lastKnownFileType = sourcecode.c.objc; path = DetailViewController.m; sourceTree = "<group>"; };
		4996AFAB1A50D920006638BE /* page1_button_deact_bg.png */ = {isa = PBXFileReference; lastKnownFileType = image.png; name = page1_button_deact_bg.png; path = Resource/page1/page1_button_deact_bg.png; sourceTree = "<group>"; };
		499BDC951A4E5F5200F0736B /* BM-JUA.otf */ = {isa = PBXFileReference; lastKnownFileType = file; name = "BM-JUA.otf"; path = "Resource/Font/BM-JUA.otf"; sourceTree = "<group>"; };
		499BDC981A4E610D00F0736B /* page1_bottom_btn1_click.png */ = {isa = PBXFileReference; lastKnownFileType = image.png; name = page1_bottom_btn1_click.png; path = Resource/page1/page1_bottom_btn1_click.png; sourceTree = "<group>"; };
		499BDC991A4E610D00F0736B /* page1_bottom_btn1.png */ = {isa = PBXFileReference; lastKnownFileType = image.png; name = page1_bottom_btn1.png; path = Resource/page1/page1_bottom_btn1.png; sourceTree = "<group>"; };
		499BDC9A1A4E610D00F0736B /* page1_bottom_btn2_click.png */ = {isa = PBXFileReference; lastKnownFileType = image.png; name = page1_bottom_btn2_click.png; path = Resource/page1/page1_bottom_btn2_click.png; sourceTree = "<group>"; };
		499BDC9B1A4E610D00F0736B /* page1_bottom_btn2.png */ = {isa = PBXFileReference; lastKnownFileType = image.png; name = page1_bottom_btn2.png; path = Resource/page1/page1_bottom_btn2.png; sourceTree = "<group>"; };
		499BDC9C1A4E610D00F0736B /* page1_bottom_btn3_click.png */ = {isa = PBXFileReference; lastKnownFileType = image.png; name = page1_bottom_btn3_click.png; path = Resource/page1/page1_bottom_btn3_click.png; sourceTree = "<group>"; };
		499BDC9D1A4E610D00F0736B /* page1_bottom_btn3.png */ = {isa = PBXFileReference; lastKnownFileType = image.png; name = page1_bottom_btn3.png; path = Resource/page1/page1_bottom_btn3.png; sourceTree = "<group>"; };
		499BDC9E1A4E610D00F0736B /* page1_bottom_btn4_click.png */ = {isa = PBXFileReference; lastKnownFileType = image.png; name = page1_bottom_btn4_click.png; path = Resource/page1/page1_bottom_btn4_click.png; sourceTree = "<group>"; };
		499BDC9F1A4E610D00F0736B /* page1_bottom_btn4.png */ = {isa = PBXFileReference; lastKnownFileType = image.png; name = page1_bottom_btn4.png; path = Resource/page1/page1_bottom_btn4.png; sourceTree = "<group>"; };
		499BDCA01A4E610D00F0736B /* page1_bottom_title.png */ = {isa = PBXFileReference; lastKnownFileType = image.png; name = page1_bottom_title.png; path = Resource/page1/page1_bottom_title.png; sourceTree = "<group>"; };
		499BDCA61A4E610D00F0736B /* page1_top_title.png */ = {isa = PBXFileReference; lastKnownFileType = image.png; name = page1_top_title.png; path = Resource/page1/page1_top_title.png; sourceTree = "<group>"; };
		499BDCB61A4E879E00F0736B /* page1_button_bg.png */ = {isa = PBXFileReference; lastKnownFileType = image.png; name = page1_button_bg.png; path = Resource/page1/page1_button_bg.png; sourceTree = "<group>"; };
		499BDCB71A4E879E00F0736B /* page1_button_left_click.png */ = {isa = PBXFileReference; lastKnownFileType = image.png; name = page1_button_left_click.png; path = Resource/page1/page1_button_left_click.png; sourceTree = "<group>"; };
		499BDCB81A4E879E00F0736B /* page1_button_left.png */ = {isa = PBXFileReference; lastKnownFileType = image.png; name = page1_button_left.png; path = Resource/page1/page1_button_left.png; sourceTree = "<group>"; };
		499BDCB91A4E879E00F0736B /* page1_button_right_click.png */ = {isa = PBXFileReference; lastKnownFileType = image.png; name = page1_button_right_click.png; path = Resource/page1/page1_button_right_click.png; sourceTree = "<group>"; };
		499BDCBA1A4E879E00F0736B /* page1_button_right.png */ = {isa = PBXFileReference; lastKnownFileType = image.png; name = page1_button_right.png; path = Resource/page1/page1_button_right.png; sourceTree = "<group>"; };
		49B2D4481A47FECF00ACF23F /* subway_corrd.csv */ = {isa = PBXFileReference; fileEncoding = 4; lastKnownFileType = text; name = subway_corrd.csv; path = Resource/subway_corrd.csv; sourceTree = "<group>"; };
		49B2D4491A47FECF00ACF23F /* Subway.png */ = {isa = PBXFileReference; lastKnownFileType = image.png; name = Subway.png; path = Resource/Subway.png; sourceTree = "<group>"; };
		49CAFC651A4962D700FCB3FD /* image1.jpeg */ = {isa = PBXFileReference; lastKnownFileType = image.jpeg; name = image1.jpeg; path = Resource/image1.jpeg; sourceTree = "<group>"; };
		F5C34C2B19CD3CB0004E00E9 /* RightNow.app */ = {isa = PBXFileReference; explicitFileType = wrapper.application; includeInIndex = 0; path = RightNow.app; sourceTree = BUILT_PRODUCTS_DIR; };
		F5C34C2F19CD3CB0004E00E9 /* Info.plist */ = {isa = PBXFileReference; lastKnownFileType = text.plist.xml; path = Info.plist; sourceTree = "<group>"; };
		F5C34C3019CD3CB0004E00E9 /* main.m */ = {isa = PBXFileReference; lastKnownFileType = sourcecode.c.objc; path = main.m; sourceTree = "<group>"; };
		F5C34C3219CD3CB0004E00E9 /* AppDelegate.h */ = {isa = PBXFileReference; lastKnownFileType = sourcecode.c.h; path = AppDelegate.h; sourceTree = "<group>"; };
		F5C34C3319CD3CB0004E00E9 /* AppDelegate.m */ = {isa = PBXFileReference; lastKnownFileType = sourcecode.c.objc; path = AppDelegate.m; sourceTree = "<group>"; };
		F5C34C3519CD3CB0004E00E9 /* MainViewController.h */ = {isa = PBXFileReference; lastKnownFileType = sourcecode.c.h; path = MainViewController.h; sourceTree = "<group>"; };
		F5C34C3619CD3CB0004E00E9 /* MainViewController.m */ = {isa = PBXFileReference; lastKnownFileType = sourcecode.c.objc; path = MainViewController.m; sourceTree = "<group>"; };
		F5C34C3919CD3CB0004E00E9 /* Base */ = {isa = PBXFileReference; lastKnownFileType = file.storyboard; name = Base; path = Base.lproj/Main.storyboard; sourceTree = "<group>"; };
		F5C34C3B19CD3CB0004E00E9 /* Images.xcassets */ = {isa = PBXFileReference; lastKnownFileType = folder.assetcatalog; path = Images.xcassets; sourceTree = "<group>"; };
		F5C34C3E19CD3CB0004E00E9 /* Base */ = {isa = PBXFileReference; lastKnownFileType = file.xib; name = Base; path = Base.lproj/LaunchScreen.xib; sourceTree = "<group>"; };
		F5C34C4419CD3CB0004E00E9 /* RightNowTests.xctest */ = {isa = PBXFileReference; explicitFileType = wrapper.cfbundle; includeInIndex = 0; path = RightNowTests.xctest; sourceTree = BUILT_PRODUCTS_DIR; };
		F5C34C4919CD3CB0004E00E9 /* Info.plist */ = {isa = PBXFileReference; lastKnownFileType = text.plist.xml; path = Info.plist; sourceTree = "<group>"; };
		F5C34C4A19CD3CB0004E00E9 /* RightNowTests.m */ = {isa = PBXFileReference; lastKnownFileType = sourcecode.c.objc; path = RightNowTests.m; sourceTree = "<group>"; };
/* End PBXFileReference section */

/* Begin PBXFrameworksBuildPhase section */
		F5C34C2819CD3CB0004E00E9 /* Frameworks */ = {
			isa = PBXFrameworksBuildPhase;
			buildActionMask = 2147483647;
			files = (
			);
			runOnlyForDeploymentPostprocessing = 0;
		};
		F5C34C4119CD3CB0004E00E9 /* Frameworks */ = {
			isa = PBXFrameworksBuildPhase;
			buildActionMask = 2147483647;
			files = (
			);
			runOnlyForDeploymentPostprocessing = 0;
		};
/* End PBXFrameworksBuildPhase section */

/* Begin PBXGroup section */
		142166681A5043E00043B7BF /* Page3 */ = {
			isa = PBXGroup;
			children = (
				142166691A5043F20043B7BF /* page3_listItem_bg.png */,
				1421666A1A5043F20043B7BF /* page3_subway_icon2_big.png */,
				1421666B1A5043F20043B7BF /* page3_subway_icon2_small.png */,
				1421666C1A5043F20043B7BF /* page3_top_title.png */,
			);
			name = Page3;
			sourceTree = "<group>";
		};
		494EB4251A48002700535999 /* CustomCategories */ = {
			isa = PBXGroup;
			children = (
				493745061A4803BB0082E968 /* UIColor+COLORCategories.h */,
				493745071A4803BB0082E968 /* UIColor+COLORCategories.m */,
				493745081A4803BB0082E968 /* UIImage+IMAGECategories.h */,
				493745091A4803BB0082E968 /* UIImage+IMAGECategories.m */,
			);
			name = CustomCategories;
			sourceTree = "<group>";
		};
		495B5AF01A4EFD53007FC981 /* Page2 */ = {
			isa = PBXGroup;
			children = (
				495B5AF11A4EFD65007FC981 /* page2_bottom_btn1_click.png */,
				495B5AF21A4EFD65007FC981 /* page2_bottom_btn1.png */,
				495B5AF31A4EFD65007FC981 /* page2_bottom_btn2_click.png */,
				495B5AF41A4EFD65007FC981 /* page2_bottom_btn2.png */,
				495B5AF51A4EFD65007FC981 /* page2_bottom_btn3_click.png */,
				495B5AF61A4EFD65007FC981 /* page2_bottom_btn3.png */,
				495B5AF71A4EFD65007FC981 /* page2_bottom_btn4_click.png */,
				495B5AF81A4EFD65007FC981 /* page2_bottom_btn4.png */,
				495B5AF91A4EFD65007FC981 /* page2_bottom_title.png */,
				495B5AFA1A4EFD65007FC981 /* page2_icon_arrow.png */,
				495B5AFB1A4EFD65007FC981 /* page2_listItem_bg.png */,
				495B5AFC1A4EFD65007FC981 /* page2_listItem_sample.png */,
				495B5AFD1A4EFD65007FC981 /* page2_subway_icon2.png */,
				495B5AFE1A4EFD65007FC981 /* page2_top_title.png */,
			);
			name = Page2;
			sourceTree = "<group>";
		};
		499BDC921A4E5F0F00F0736B /* Font */ = {
			isa = PBXGroup;
			children = (
				499BDC951A4E5F5200F0736B /* BM-JUA.otf */,
			);
			name = Font;
			sourceTree = "<group>";
		};
		499BDC971A4E60FB00F0736B /* Page1 */ = {
			isa = PBXGroup;
			children = (
				4996AFAB1A50D920006638BE /* page1_button_deact_bg.png */,
				499BDCB61A4E879E00F0736B /* page1_button_bg.png */,
				499BDCB71A4E879E00F0736B /* page1_button_left_click.png */,
				499BDCB81A4E879E00F0736B /* page1_button_left.png */,
				499BDCB91A4E879E00F0736B /* page1_button_right_click.png */,
				499BDCBA1A4E879E00F0736B /* page1_button_right.png */,
				499BDC981A4E610D00F0736B /* page1_bottom_btn1_click.png */,
				499BDC991A4E610D00F0736B /* page1_bottom_btn1.png */,
				499BDC9A1A4E610D00F0736B /* page1_bottom_btn2_click.png */,
				499BDC9B1A4E610D00F0736B /* page1_bottom_btn2.png */,
				499BDC9C1A4E610D00F0736B /* page1_bottom_btn3_click.png */,
				499BDC9D1A4E610D00F0736B /* page1_bottom_btn3.png */,
				499BDC9E1A4E610D00F0736B /* page1_bottom_btn4_click.png */,
				499BDC9F1A4E610D00F0736B /* page1_bottom_btn4.png */,
				499BDCA01A4E610D00F0736B /* page1_bottom_title.png */,
				499BDCA61A4E610D00F0736B /* page1_top_title.png */,
			);
			name = Page1;
			sourceTree = "<group>";
		};
		49B2D4511A47FEE100ACF23F /* Resource */ = {
			isa = PBXGroup;
			children = (
				49681B551A5055A500217987 /* seoul.utf8 */,
				499BDC971A4E60FB00F0736B /* Page1 */,
				495B5AF01A4EFD53007FC981 /* Page2 */,
				142166681A5043E00043B7BF /* Page3 */,
				499BDC921A4E5F0F00F0736B /* Font */,
				49CAFC651A4962D700FCB3FD /* image1.jpeg */,
				49B2D4481A47FECF00ACF23F /* subway_corrd.csv */,
				49B2D4491A47FECF00ACF23F /* Subway.png */,
			);
			name = Resource;
			sourceTree = "<group>";
		};
		F5C34C2219CD3CB0004E00E9 = {
			isa = PBXGroup;
			children = (
				F5C34C2D19CD3CB0004E00E9 /* RightNow */,
				F5C34C4719CD3CB0004E00E9 /* RightNowTests */,
				F5C34C2C19CD3CB0004E00E9 /* Products */,
			);
			sourceTree = "<group>";
		};
		F5C34C2C19CD3CB0004E00E9 /* Products */ = {
			isa = PBXGroup;
			children = (
				F5C34C2B19CD3CB0004E00E9 /* RightNow.app */,
				F5C34C4419CD3CB0004E00E9 /* RightNowTests.xctest */,
			);
			name = Products;
			sourceTree = "<group>";
		};
		F5C34C2D19CD3CB0004E00E9 /* RightNow */ = {
			isa = PBXGroup;
			children = (
				494EB4251A48002700535999 /* CustomCategories */,
				49B2D4511A47FEE100ACF23F /* Resource */,
				F5C34C3219CD3CB0004E00E9 /* AppDelegate.h */,
				F5C34C3319CD3CB0004E00E9 /* AppDelegate.m */,
				F5C34C3519CD3CB0004E00E9 /* MainViewController.h */,
				F5C34C3619CD3CB0004E00E9 /* MainViewController.m */,
				4937450C1A4807A70082E968 /* ResultViewController.h */,
				4937450D1A4807A70082E968 /* ResultViewController.m */,
				493745111A4810AD0082E968 /* ResultTableViewCell.h */,
				493745121A4810AD0082E968 /* ResultTableViewCell.m */,
				4937450F1A4808560082E968 /* ResultTableViewCell.xib */,
				497805581A50378500AB8086 /* DetailViewController.h */,
				497805591A50378500AB8086 /* DetailViewController.m */,
				497805551A50378500AB8086 /* DetailTableViewCell.h */,
				497805561A50378500AB8086 /* DetailTableViewCell.m */,
				497805571A50378500AB8086 /* DetailTableViewCell.xib */,
				F5C34C3819CD3CB0004E00E9 /* Main.storyboard */,
				F5C34C3B19CD3CB0004E00E9 /* Images.xcassets */,
				F5C34C3D19CD3CB0004E00E9 /* LaunchScreen.xib */,
				F5C34C2E19CD3CB0004E00E9 /* Supporting Files */,
			);
			path = RightNow;
			sourceTree = "<group>";
		};
		F5C34C2E19CD3CB0004E00E9 /* Supporting Files */ = {
			isa = PBXGroup;
			children = (
				F5C34C2F19CD3CB0004E00E9 /* Info.plist */,
				F5C34C3019CD3CB0004E00E9 /* main.m */,
			);
			name = "Supporting Files";
			sourceTree = "<group>";
		};
		F5C34C4719CD3CB0004E00E9 /* RightNowTests */ = {
			isa = PBXGroup;
			children = (
				F5C34C4A19CD3CB0004E00E9 /* RightNowTests.m */,
				F5C34C4819CD3CB0004E00E9 /* Supporting Files */,
			);
			path = RightNowTests;
			sourceTree = "<group>";
		};
		F5C34C4819CD3CB0004E00E9 /* Supporting Files */ = {
			isa = PBXGroup;
			children = (
				F5C34C4919CD3CB0004E00E9 /* Info.plist */,
			);
			name = "Supporting Files";
			sourceTree = "<group>";
		};
/* End PBXGroup section */

/* Begin PBXNativeTarget section */
		F5C34C2A19CD3CB0004E00E9 /* RightNow */ = {
			isa = PBXNativeTarget;
			buildConfigurationList = F5C34C4E19CD3CB0004E00E9 /* Build configuration list for PBXNativeTarget "RightNow" */;
			buildPhases = (
				F5C34C2719CD3CB0004E00E9 /* Sources */,
				F5C34C2819CD3CB0004E00E9 /* Frameworks */,
				F5C34C2919CD3CB0004E00E9 /* Resources */,
			);
			buildRules = (
			);
			dependencies = (
			);
			name = RightNow;
			productName = RightNow;
			productReference = F5C34C2B19CD3CB0004E00E9 /* RightNow.app */;
			productType = "com.apple.product-type.application";
		};
		F5C34C4319CD3CB0004E00E9 /* RightNowTests */ = {
			isa = PBXNativeTarget;
			buildConfigurationList = F5C34C5119CD3CB0004E00E9 /* Build configuration list for PBXNativeTarget "RightNowTests" */;
			buildPhases = (
				F5C34C4019CD3CB0004E00E9 /* Sources */,
				F5C34C4119CD3CB0004E00E9 /* Frameworks */,
				F5C34C4219CD3CB0004E00E9 /* Resources */,
			);
			buildRules = (
			);
			dependencies = (
				F5C34C4619CD3CB0004E00E9 /* PBXTargetDependency */,
			);
			name = RightNowTests;
			productName = RightNowTests;
			productReference = F5C34C4419CD3CB0004E00E9 /* RightNowTests.xctest */;
			productType = "com.apple.product-type.bundle.unit-test";
		};
/* End PBXNativeTarget section */

/* Begin PBXProject section */
		F5C34C2319CD3CB0004E00E9 /* Project object */ = {
			isa = PBXProject;
			attributes = {
				LastUpgradeCheck = 0600;
				ORGANIZATIONNAME = Wafflestudio;
				TargetAttributes = {
					F5C34C2A19CD3CB0004E00E9 = {
						CreatedOnToolsVersion = 6.0;
						DevelopmentTeam = 8F8C98NKPP;
					};
					F5C34C4319CD3CB0004E00E9 = {
						CreatedOnToolsVersion = 6.0;
						TestTargetID = F5C34C2A19CD3CB0004E00E9;
					};
				};
			};
			buildConfigurationList = F5C34C2619CD3CB0004E00E9 /* Build configuration list for PBXProject "RightNow" */;
			compatibilityVersion = "Xcode 3.2";
			developmentRegion = English;
			hasScannedForEncodings = 0;
			knownRegions = (
				en,
				Base,
			);
			mainGroup = F5C34C2219CD3CB0004E00E9;
			productRefGroup = F5C34C2C19CD3CB0004E00E9 /* Products */;
			projectDirPath = "";
			projectRoot = "";
			targets = (
				F5C34C2A19CD3CB0004E00E9 /* RightNow */,
				F5C34C4319CD3CB0004E00E9 /* RightNowTests */,
			);
		};
/* End PBXProject section */

/* Begin PBXResourcesBuildPhase section */
		F5C34C2919CD3CB0004E00E9 /* Resources */ = {
			isa = PBXResourcesBuildPhase;
			buildActionMask = 2147483647;
			files = (
				499BDCA91A4E610D00F0736B /* page1_bottom_btn2_click.png in Resources */,
				499BDCBF1A4E879E00F0736B /* page1_button_right.png in Resources */,
				1421666E1A5043F20043B7BF /* page3_subway_icon2_big.png in Resources */,
				493745101A4808560082E968 /* ResultTableViewCell.xib in Resources */,
				49681B561A5055A500217987 /* seoul.utf8 in Resources */,
				499BDCA71A4E610D00F0736B /* page1_bottom_btn1_click.png in Resources */,
				142166701A5043F20043B7BF /* page3_top_title.png in Resources */,
				495B5AFF1A4EFD65007FC981 /* page2_bottom_btn1_click.png in Resources */,
				494EB4221A47FF8E00535999 /* LaunchScreen.xib in Resources */,
				495B5B0B1A4EFD65007FC981 /* page2_subway_icon2.png in Resources */,
				495B5B031A4EFD65007FC981 /* page2_bottom_btn3_click.png in Resources */,
				499BDCAA1A4E610D00F0736B /* page1_bottom_btn2.png in Resources */,
				495B5B081A4EFD65007FC981 /* page2_icon_arrow.png in Resources */,
				1421666F1A5043F20043B7BF /* page3_subway_icon2_small.png in Resources */,
				495B5B001A4EFD65007FC981 /* page2_bottom_btn1.png in Resources */,
				495B5B071A4EFD65007FC981 /* page2_bottom_title.png in Resources */,
				1421666D1A5043F20043B7BF /* page3_listItem_bg.png in Resources */,
				499BDC961A4E5F5200F0736B /* BM-JUA.otf in Resources */,
				494EB4211A47FF7F00535999 /* Main.storyboard in Resources */,
				495B5B011A4EFD65007FC981 /* page2_bottom_btn2_click.png in Resources */,
				499BDCBB1A4E879E00F0736B /* page1_button_bg.png in Resources */,
				49B2D4671A47FF6000ACF23F /* subway_corrd.csv in Resources */,
				499BDCAE1A4E610D00F0736B /* page1_bottom_btn4.png in Resources */,
				499BDCBC1A4E879E00F0736B /* page1_button_left_click.png in Resources */,
				495B5B061A4EFD65007FC981 /* page2_bottom_btn4.png in Resources */,
				49B2D4681A47FF6000ACF23F /* Subway.png in Resources */,
				495B5B0A1A4EFD65007FC981 /* page2_listItem_sample.png in Resources */,
				49CAFC661A4962D700FCB3FD /* image1.jpeg in Resources */,
				499BDCAD1A4E610D00F0736B /* page1_bottom_btn4_click.png in Resources */,
				495B5B0C1A4EFD65007FC981 /* page2_top_title.png in Resources */,
				499BDCB51A4E610D00F0736B /* page1_top_title.png in Resources */,
				495B5B091A4EFD65007FC981 /* page2_listItem_bg.png in Resources */,
				499BDCBD1A4E879E00F0736B /* page1_button_left.png in Resources */,
				4978055B1A50378500AB8086 /* DetailTableViewCell.xib in Resources */,
				495B5B021A4EFD65007FC981 /* page2_bottom_btn2.png in Resources */,
				499BDCAF1A4E610D00F0736B /* page1_bottom_title.png in Resources */,
				499BDCBE1A4E879E00F0736B /* page1_button_right_click.png in Resources */,
				499BDCA81A4E610D00F0736B /* page1_bottom_btn1.png in Resources */,
				495B5B041A4EFD65007FC981 /* page2_bottom_btn3.png in Resources */,
				495B5B051A4EFD65007FC981 /* page2_bottom_btn4_click.png in Resources */,
				499BDCAC1A4E610D00F0736B /* page1_bottom_btn3.png in Resources */,
				4996AFAC1A50D920006638BE /* page1_button_deact_bg.png in Resources */,
				499BDCAB1A4E610D00F0736B /* page1_bottom_btn3_click.png in Resources */,
			);
			runOnlyForDeploymentPostprocessing = 0;
		};
		F5C34C4219CD3CB0004E00E9 /* Resources */ = {
			isa = PBXResourcesBuildPhase;
			buildActionMask = 2147483647;
			files = (
			);
			runOnlyForDeploymentPostprocessing = 0;
		};
/* End PBXResourcesBuildPhase section */

/* Begin PBXSourcesBuildPhase section */
		F5C34C2719CD3CB0004E00E9 /* Sources */ = {
			isa = PBXSourcesBuildPhase;
			buildActionMask = 2147483647;
			files = (
				4937450B1A4803BB0082E968 /* UIImage+IMAGECategories.m in Sources */,
				F5C34C3719CD3CB0004E00E9 /* MainViewController.m in Sources */,
				4978055C1A50378500AB8086 /* DetailViewController.m in Sources */,
				4937450A1A4803BB0082E968 /* UIColor+COLORCategories.m in Sources */,
				F5C34C3419CD3CB0004E00E9 /* AppDelegate.m in Sources */,
				F5C34C3119CD3CB0004E00E9 /* main.m in Sources */,
				493745131A4810AD0082E968 /* ResultTableViewCell.m in Sources */,
				4978055A1A50378500AB8086 /* DetailTableViewCell.m in Sources */,
				4937450E1A4807A70082E968 /* ResultViewController.m in Sources */,
			);
			runOnlyForDeploymentPostprocessing = 0;
		};
		F5C34C4019CD3CB0004E00E9 /* Sources */ = {
			isa = PBXSourcesBuildPhase;
			buildActionMask = 2147483647;
			files = (
				F5C34C4B19CD3CB0004E00E9 /* RightNowTests.m in Sources */,
			);
			runOnlyForDeploymentPostprocessing = 0;
		};
/* End PBXSourcesBuildPhase section */

/* Begin PBXTargetDependency section */
		F5C34C4619CD3CB0004E00E9 /* PBXTargetDependency */ = {
			isa = PBXTargetDependency;
			target = F5C34C2A19CD3CB0004E00E9 /* RightNow */;
			targetProxy = F5C34C4519CD3CB0004E00E9 /* PBXContainerItemProxy */;
		};
/* End PBXTargetDependency section */

/* Begin PBXVariantGroup section */
		F5C34C3819CD3CB0004E00E9 /* Main.storyboard */ = {
			isa = PBXVariantGroup;
			children = (
				F5C34C3919CD3CB0004E00E9 /* Base */,
			);
			name = Main.storyboard;
			sourceTree = "<group>";
		};
		F5C34C3D19CD3CB0004E00E9 /* LaunchScreen.xib */ = {
			isa = PBXVariantGroup;
			children = (
				F5C34C3E19CD3CB0004E00E9 /* Base */,
			);
			name = LaunchScreen.xib;
			sourceTree = "<group>";
		};
/* End PBXVariantGroup section */

/* Begin XCBuildConfiguration section */
		F5C34C4C19CD3CB0004E00E9 /* Debug */ = {
			isa = XCBuildConfiguration;
			buildSettings = {
				ALWAYS_SEARCH_USER_PATHS = NO;
				CLANG_CXX_LANGUAGE_STANDARD = "gnu++0x";
				CLANG_CXX_LIBRARY = "libc++";
				CLANG_ENABLE_MODULES = YES;
				CLANG_ENABLE_OBJC_ARC = YES;
				CLANG_WARN_BOOL_CONVERSION = YES;
				CLANG_WARN_CONSTANT_CONVERSION = YES;
				CLANG_WARN_DIRECT_OBJC_ISA_USAGE = YES_ERROR;
				CLANG_WARN_EMPTY_BODY = YES;
				CLANG_WARN_ENUM_CONVERSION = YES;
				CLANG_WARN_INT_CONVERSION = YES;
				CLANG_WARN_OBJC_ROOT_CLASS = YES_ERROR;
				CLANG_WARN_UNREACHABLE_CODE = YES;
				CLANG_WARN__DUPLICATE_METHOD_MATCH = YES;
				"CODE_SIGN_IDENTITY[sdk=iphoneos*]" = "iPhone Developer";
				COPY_PHASE_STRIP = NO;
				ENABLE_STRICT_OBJC_MSGSEND = YES;
				GCC_C_LANGUAGE_STANDARD = gnu99;
				GCC_DYNAMIC_NO_PIC = NO;
				GCC_OPTIMIZATION_LEVEL = 0;
				GCC_PREPROCESSOR_DEFINITIONS = (
					"DEBUG=1",
					"$(inherited)",
				);
				GCC_SYMBOLS_PRIVATE_EXTERN = NO;
				GCC_WARN_64_TO_32_BIT_CONVERSION = YES;
				GCC_WARN_ABOUT_RETURN_TYPE = YES_ERROR;
				GCC_WARN_UNDECLARED_SELECTOR = YES;
				GCC_WARN_UNINITIALIZED_AUTOS = YES_AGGRESSIVE;
				GCC_WARN_UNUSED_FUNCTION = YES;
				GCC_WARN_UNUSED_VARIABLE = YES;
				IPHONEOS_DEPLOYMENT_TARGET = 8.0;
				MTL_ENABLE_DEBUG_INFO = YES;
				ONLY_ACTIVE_ARCH = YES;
				SDKROOT = iphoneos;
				TARGETED_DEVICE_FAMILY = "1,2";
			};
			name = Debug;
		};
		F5C34C4D19CD3CB0004E00E9 /* Release */ = {
			isa = XCBuildConfiguration;
			buildSettings = {
				ALWAYS_SEARCH_USER_PATHS = NO;
				CLANG_CXX_LANGUAGE_STANDARD = "gnu++0x";
				CLANG_CXX_LIBRARY = "libc++";
				CLANG_ENABLE_MODULES = YES;
				CLANG_ENABLE_OBJC_ARC = YES;
				CLANG_WARN_BOOL_CONVERSION = YES;
				CLANG_WARN_CONSTANT_CONVERSION = YES;
				CLANG_WARN_DIRECT_OBJC_ISA_USAGE = YES_ERROR;
				CLANG_WARN_EMPTY_BODY = YES;
				CLANG_WARN_ENUM_CONVERSION = YES;
				CLANG_WARN_INT_CONVERSION = YES;
				CLANG_WARN_OBJC_ROOT_CLASS = YES_ERROR;
				CLANG_WARN_UNREACHABLE_CODE = YES;
				CLANG_WARN__DUPLICATE_METHOD_MATCH = YES;
				"CODE_SIGN_IDENTITY[sdk=iphoneos*]" = "iPhone Developer";
				COPY_PHASE_STRIP = YES;
				ENABLE_NS_ASSERTIONS = NO;
				ENABLE_STRICT_OBJC_MSGSEND = YES;
				GCC_C_LANGUAGE_STANDARD = gnu99;
				GCC_WARN_64_TO_32_BIT_CONVERSION = YES;
				GCC_WARN_ABOUT_RETURN_TYPE = YES_ERROR;
				GCC_WARN_UNDECLARED_SELECTOR = YES;
				GCC_WARN_UNINITIALIZED_AUTOS = YES_AGGRESSIVE;
				GCC_WARN_UNUSED_FUNCTION = YES;
				GCC_WARN_UNUSED_VARIABLE = YES;
				IPHONEOS_DEPLOYMENT_TARGET = 8.0;
				MTL_ENABLE_DEBUG_INFO = NO;
				SDKROOT = iphoneos;
				TARGETED_DEVICE_FAMILY = "1,2";
				VALIDATE_PRODUCT = YES;
			};
			name = Release;
		};
		F5C34C4F19CD3CB0004E00E9 /* Debug */ = {
			isa = XCBuildConfiguration;
			buildSettings = {
				ASSETCATALOG_COMPILER_APPICON_NAME = AppIcon;
				INFOPLIST_FILE = RightNow/Info.plist;
				LD_RUNPATH_SEARCH_PATHS = "$(inherited) @executable_path/Frameworks";
				PRODUCT_NAME = "$(TARGET_NAME)";
			};
			name = Debug;
		};
		F5C34C5019CD3CB0004E00E9 /* Release */ = {
			isa = XCBuildConfiguration;
			buildSettings = {
				ASSETCATALOG_COMPILER_APPICON_NAME = AppIcon;
				INFOPLIST_FILE = RightNow/Info.plist;
				LD_RUNPATH_SEARCH_PATHS = "$(inherited) @executable_path/Frameworks";
				PRODUCT_NAME = "$(TARGET_NAME)";
			};
			name = Release;
		};
		F5C34C5219CD3CB0004E00E9 /* Debug */ = {
			isa = XCBuildConfiguration;
			buildSettings = {
				BUNDLE_LOADER = "$(TEST_HOST)";
				FRAMEWORK_SEARCH_PATHS = (
					"$(SDKROOT)/Developer/Library/Frameworks",
					"$(inherited)",
				);
				GCC_PREPROCESSOR_DEFINITIONS = (
					"DEBUG=1",
					"$(inherited)",
				);
				INFOPLIST_FILE = RightNowTests/Info.plist;
				LD_RUNPATH_SEARCH_PATHS = "$(inherited) @executable_path/Frameworks @loader_path/Frameworks";
				PRODUCT_NAME = "$(TARGET_NAME)";
				TEST_HOST = "$(BUILT_PRODUCTS_DIR)/RightNow.app/RightNow";
			};
			name = Debug;
		};
		F5C34C5319CD3CB0004E00E9 /* Release */ = {
			isa = XCBuildConfiguration;
			buildSettings = {
				BUNDLE_LOADER = "$(TEST_HOST)";
				FRAMEWORK_SEARCH_PATHS = (
					"$(SDKROOT)/Developer/Library/Frameworks",
					"$(inherited)",
				);
				INFOPLIST_FILE = RightNowTests/Info.plist;
				LD_RUNPATH_SEARCH_PATHS = "$(inherited) @executable_path/Frameworks @loader_path/Frameworks";
				PRODUCT_NAME = "$(TARGET_NAME)";
				TEST_HOST = "$(BUILT_PRODUCTS_DIR)/RightNow.app/RightNow";
			};
			name = Release;
		};
/* End XCBuildConfiguration section */

/* Begin XCConfigurationList section */
		F5C34C2619CD3CB0004E00E9 /* Build configuration list for PBXProject "RightNow" */ = {
			isa = XCConfigurationList;
			buildConfigurations = (
				F5C34C4C19CD3CB0004E00E9 /* Debug */,
				F5C34C4D19CD3CB0004E00E9 /* Release */,
			);
			defaultConfigurationIsVisible = 0;
			defaultConfigurationName = Release;
		};
		F5C34C4E19CD3CB0004E00E9 /* Build configuration list for PBXNativeTarget "RightNow" */ = {
			isa = XCConfigurationList;
			buildConfigurations = (
				F5C34C4F19CD3CB0004E00E9 /* Debug */,
				F5C34C5019CD3CB0004E00E9 /* Release */,
			);
			defaultConfigurationIsVisible = 0;
			defaultConfigurationName = Release;
		};
		F5C34C5119CD3CB0004E00E9 /* Build configuration list for PBXNativeTarget "RightNowTests" */ = {
			isa = XCConfigurationList;
			buildConfigurations = (
				F5C34C5219CD3CB0004E00E9 /* Debug */,
				F5C34C5319CD3CB0004E00E9 /* Release */,
			);
			defaultConfigurationIsVisible = 0;
			defaultConfigurationName = Release;
		};
/* End XCConfigurationList section */
	};
	rootObject = F5C34C2319CD3CB0004E00E9 /* Project object */;
}
